
Microsoft Visual Studio Solution File, Format Version 12.00
# Visual Studio Version 17
VisualStudioVersion = 17.5.33530.505
MinimumVisualStudioVersion = 10.0.40219.1
Project("{FAE04EC0-301F-11D3-BF4B-00C04F79EFBC}") = "BEN_VAN_CHUYEN", "BEN_VAN_CHUYEN.csproj", "{052B7957-9281-4C98-9831-202DC7A84F0B}"
EndProject
Global
	GlobalSection(SolutionConfigurationPlatforms) = preSolution
		Debug|Any CPU = Debug|Any CPU
		Release|Any CPU = Release|Any CPU
	EndGlobalSection
	GlobalSection(ProjectConfigurationPlatforms) = postSolution
		{052B7957-9281-4C98-9831-202DC7A84F0B}.Debug|Any CPU.ActiveCfg = Debug|Any CPU
		{052B7957-9281-4C98-9831-202DC7A84F0B}.Debug|Any CPU.Build.0 = Debug|Any CPU
		{052B7957-9281-4C98-9831-202DC7A84F0B}.Release|Any CPU.ActiveCfg = Release|Any CPU
		{052B7957-9281-4C98-9831-202DC7A84F0B}.Release|Any CPU.Build.0 = Release|Any CPU
	EndGlobalSection
	GlobalSection(SolutionProperties) = preSolution
		HideSolutionNode = FALSE
	EndGlobalSection
	GlobalSection(ExtensibilityGlobals) = postSolution
		SolutionGuid = {6D329BCA-D633-4E37-AD3B-9857E01C08BE}
	EndGlobalSection
EndGlobal
