
Microsoft Visual Studio Solution File, Format Version 12.00
# Visual Studio Version 17
VisualStudioVersion = 17.5.33530.505
MinimumVisualStudioVersion = 10.0.40219.1
Project("{FAE04EC0-301F-11D3-BF4B-00C04F79EFBC}") = "BEN_TRUNG_GIAN", "BEN_TRUNG_GIAN.csproj", "{01AFC8AE-E05A-445C-A548-A764EE7CD3A6}"
EndProject
Global
	GlobalSection(SolutionConfigurationPlatforms) = preSolution
		Debug|Any CPU = Debug|Any CPU
		Release|Any CPU = Release|Any CPU
	EndGlobalSection
	GlobalSection(ProjectConfigurationPlatforms) = postSolution
		{01AFC8AE-E05A-445C-A548-A764EE7CD3A6}.Debug|Any CPU.ActiveCfg = Debug|Any CPU
		{01AFC8AE-E05A-445C-A548-A764EE7CD3A6}.Debug|Any CPU.Build.0 = Debug|Any CPU
		{01AFC8AE-E05A-445C-A548-A764EE7CD3A6}.Release|Any CPU.ActiveCfg = Release|Any CPU
		{01AFC8AE-E05A-445C-A548-A764EE7CD3A6}.Release|Any CPU.Build.0 = Release|Any CPU
	EndGlobalSection
	GlobalSection(SolutionProperties) = preSolution
		HideSolutionNode = FALSE
	EndGlobalSection
	GlobalSection(ExtensibilityGlobals) = postSolution
		SolutionGuid = {016D803D-369D-4744-86D2-E66418A5C4B9}
	EndGlobalSection
EndGlobal
